// !$*UTF8*$!
{
	archiveVersion = 1;
	classes = {
	};
	objectVersion = 48;
	objects = {

/* Begin PBXBuildFile section */
		FA07833C1FC24C1000A5CF15 /* AppDelegate.swift in Sources */ = {isa = PBXBuildFile; fileRef = FA07833B1FC24C1000A5CF15 /* AppDelegate.swift */; };
		FA07833E1FC24C1000A5CF15 /* ViewController.swift in Sources */ = {isa = PBXBuildFile; fileRef = FA07833D1FC24C1000A5CF15 /* ViewController.swift */; };
		FA0783411FC24C1000A5CF15 /* Main.storyboard in Resources */ = {isa = PBXBuildFile; fileRef = FA07833F1FC24C1000A5CF15 /* Main.storyboard */; };
		FA0783431FC24C1000A5CF15 /* Assets.xcassets in Resources */ = {isa = PBXBuildFile; fileRef = FA0783421FC24C1000A5CF15 /* Assets.xcassets */; };
		FA0783461FC24C1000A5CF15 /* LaunchScreen.storyboard in Resources */ = {isa = PBXBuildFile; fileRef = FA0783441FC24C1000A5CF15 /* LaunchScreen.storyboard */; };
		FA0783511FC24C1000A5CF15 /* ARKitDemoTests.swift in Sources */ = {isa = PBXBuildFile; fileRef = FA0783501FC24C1000A5CF15 /* ARKitDemoTests.swift */; };
		FA07835C1FC24C1000A5CF15 /* ARKitDemoUITests.swift in Sources */ = {isa = PBXBuildFile; fileRef = FA07835B1FC24C1000A5CF15 /* ARKitDemoUITests.swift */; };
/* End PBXBuildFile section */

/* Begin PBXContainerItemProxy section */
		FA07834D1FC24C1000A5CF15 /* PBXContainerItemProxy */ = {
			isa = PBXContainerItemProxy;
			containerPortal = FA0783301FC24C1000A5CF15 /* Project object */;
			proxyType = 1;
			remoteGlobalIDString = FA0783371FC24C1000A5CF15;
			remoteInfo = ARKitDemo;
		};
		FA0783581FC24C1000A5CF15 /* PBXContainerItemProxy */ = {
			isa = PBXContainerItemProxy;
			containerPortal = FA0783301FC24C1000A5CF15 /* Project object */;
			proxyType = 1;
			remoteGlobalIDString = FA0783371FC24C1000A5CF15;
			remoteInfo = ARKitDemo;
		};
/* End PBXContainerItemProxy section */

/* Begin PBXFileReference section */
		FA0783381FC24C1000A5CF15 /* ARKitDemo.app */ = {isa = PBXFileReference; explicitFileType = wrapper.application; includeInIndex = 0; path = ARKitDemo.app; sourceTree = BUILT_PRODUCTS_DIR; };
		FA07833B1FC24C1000A5CF15 /* AppDelegate.swift */ = {isa = PBXFileReference; lastKnownFileType = sourcecode.swift; path = AppDelegate.swift; sourceTree = "<group>"; };
		FA07833D1FC24C1000A5CF15 /* ViewController.swift */ = {isa = PBXFileReference; lastKnownFileType = sourcecode.swift; path = ViewController.swift; sourceTree = "<group>"; };
		FA0783401FC24C1000A5CF15 /* Base */ = {isa = PBXFileReference; lastKnownFileType = file.storyboard; name = Base; path = Base.lproj/Main.storyboard; sourceTree = "<group>"; };
		FA0783421FC24C1000A5CF15 /* Assets.xcassets */ = {isa = PBXFileReference; lastKnownFileType = folder.assetcatalog; path = Assets.xcassets; sourceTree = "<group>"; };
		FA0783451FC24C1000A5CF15 /* Base */ = {isa = PBXFileReference; lastKnownFileType = file.storyboard; name = Base; path = Base.lproj/LaunchScreen.storyboard; sourceTree = "<group>"; };
		FA0783471FC24C1000A5CF15 /* Info.plist */ = {isa = PBXFileReference; lastKnownFileType = text.plist.xml; path = Info.plist; sourceTree = "<group>"; };
		FA07834C1FC24C1000A5CF15 /* ARKitDemoTests.xctest */ = {isa = PBXFileReference; explicitFileType = wrapper.cfbundle; includeInIndex = 0; path = ARKitDemoTests.xctest; sourceTree = BUILT_PRODUCTS_DIR; };
		FA0783501FC24C1000A5CF15 /* ARKitDemoTests.swift */ = {isa = PBXFileReference; lastKnownFileType = sourcecode.swift; path = ARKitDemoTests.swift; sourceTree = "<group>"; };
		FA0783521FC24C1000A5CF15 /* Info.plist */ = {isa = PBXFileReference; lastKnownFileType = text.plist.xml; path = Info.plist; sourceTree = "<group>"; };
		FA0783571FC24C1000A5CF15 /* ARKitDemoUITests.xctest */ = {isa = PBXFileReference; explicitFileType = wrapper.cfbundle; includeInIndex = 0; path = ARKitDemoUITests.xctest; sourceTree = BUILT_PRODUCTS_DIR; };
		FA07835B1FC24C1000A5CF15 /* ARKitDemoUITests.swift */ = {isa = PBXFileReference; lastKnownFileType = sourcecode.swift; path = ARKitDemoUITests.swift; sourceTree = "<group>"; };
		FA07835D1FC24C1000A5CF15 /* Info.plist */ = {isa = PBXFileReference; lastKnownFileType = text.plist.xml; path = Info.plist; sourceTree = "<group>"; };
/* End PBXFileReference section */

/* Begin PBXFrameworksBuildPhase section */
		FA0783351FC24C1000A5CF15 /* Frameworks */ = {
			isa = PBXFrameworksBuildPhase;
			buildActionMask = 2147483647;
			files = (
			);
			runOnlyForDeploymentPostprocessing = 0;
		};
		FA0783491FC24C1000A5CF15 /* Frameworks */ = {
			isa = PBXFrameworksBuildPhase;
			buildActionMask = 2147483647;
			files = (
			);
			runOnlyForDeploymentPostprocessing = 0;
		};
		FA0783541FC24C1000A5CF15 /* Frameworks */ = {
			isa = PBXFrameworksBuildPhase;
			buildActionMask = 2147483647;
			files = (
			);
			runOnlyForDeploymentPostprocessing = 0;
		};
/* End PBXFrameworksBuildPhase section */

/* Begin PBXGroup section */
		FA07832F1FC24C1000A5CF15 = {
			isa = PBXGroup;
			children = (
				FA07833A1FC24C1000A5CF15 /* ARKitDemo */,
				FA07834F1FC24C1000A5CF15 /* ARKitDemoTests */,
				FA07835A1FC24C1000A5CF15 /* ARKitDemoUITests */,
				FA0783391FC24C1000A5CF15 /* Products */,
			);
			sourceTree = "<group>";
		};
		FA0783391FC24C1000A5CF15 /* Products */ = {
			isa = PBXGroup;
			children = (
				FA0783381FC24C1000A5CF15 /* ARKitDemo.app */,
				FA07834C1FC24C1000A5CF15 /* ARKitDemoTests.xctest */,
				FA0783571FC24C1000A5CF15 /* ARKitDemoUITests.xctest */,
			);
			name = Products;
			sourceTree = "<group>";
		};
		FA07833A1FC24C1000A5CF15 /* ARKitDemo */ = {
			isa = PBXGroup;
			children = (
				FA07833B1FC24C1000A5CF15 /* AppDelegate.swift */,
				FA07833D1FC24C1000A5CF15 /* ViewController.swift */,
				FA07833F1FC24C1000A5CF15 /* Main.storyboard */,
				FA0783421FC24C1000A5CF15 /* Assets.xcassets */,
				FA0783441FC24C1000A5CF15 /* LaunchScreen.storyboard */,
				FA0783471FC24C1000A5CF15 /* Info.plist */,
			);
			path = ARKitDemo;
			sourceTree = "<group>";
		};
		FA07834F1FC24C1000A5CF15 /* ARKitDemoTests */ = {
			isa = PBXGroup;
			children = (
				FA0783501FC24C1000A5CF15 /* ARKitDemoTests.swift */,
				FA0783521FC24C1000A5CF15 /* Info.plist */,
			);
			path = ARKitDemoTests;
			sourceTree = "<group>";
		};
		FA07835A1FC24C1000A5CF15 /* ARKitDemoUITests */ = {
			isa = PBXGroup;
			children = (
				FA07835B1FC24C1000A5CF15 /* ARKitDemoUITests.swift */,
				FA07835D1FC24C1000A5CF15 /* Info.plist */,
			);
			path = ARKitDemoUITests;
			sourceTree = "<group>";
		};
/* End PBXGroup section */

/* Begin PBXNativeTarget section */
		FA0783371FC24C1000A5CF15 /* ARKitDemo */ = {
			isa = PBXNativeTarget;
			buildConfigurationList = FA0783601FC24C1000A5CF15 /* Build configuration list for PBXNativeTarget "ARKitDemo" */;
			buildPhases = (
				FA0783341FC24C1000A5CF15 /* Sources */,
				FA0783351FC24C1000A5CF15 /* Frameworks */,
				FA0783361FC24C1000A5CF15 /* Resources */,
			);
			buildRules = (
			);
			dependencies = (
			);
			name = ARKitDemo;
			productName = ARKitDemo;
			productReference = FA0783381FC24C1000A5CF15 /* ARKitDemo.app */;
			productType = "com.apple.product-type.application";
		};
		FA07834B1FC24C1000A5CF15 /* ARKitDemoTests */ = {
			isa = PBXNativeTarget;
			buildConfigurationList = FA0783631FC24C1000A5CF15 /* Build configuration list for PBXNativeTarget "ARKitDemoTests" */;
			buildPhases = (
				FA0783481FC24C1000A5CF15 /* Sources */,
				FA0783491FC24C1000A5CF15 /* Frameworks */,
				FA07834A1FC24C1000A5CF15 /* Resources */,
			);
			buildRules = (
			);
			dependencies = (
				FA07834E1FC24C1000A5CF15 /* PBXTargetDependency */,
			);
			name = ARKitDemoTests;
			productName = ARKitDemoTests;
			productReference = FA07834C1FC24C1000A5CF15 /* ARKitDemoTests.xctest */;
			productType = "com.apple.product-type.bundle.unit-test";
		};
		FA0783561FC24C1000A5CF15 /* ARKitDemoUITests */ = {
			isa = PBXNativeTarget;
			buildConfigurationList = FA0783661FC24C1000A5CF15 /* Build configuration list for PBXNativeTarget "ARKitDemoUITests" */;
			buildPhases = (
				FA0783531FC24C1000A5CF15 /* Sources */,
				FA0783541FC24C1000A5CF15 /* Frameworks */,
				FA0783551FC24C1000A5CF15 /* Resources */,
			);
			buildRules = (
			);
			dependencies = (
				FA0783591FC24C1000A5CF15 /* PBXTargetDependency */,
			);
			name = ARKitDemoUITests;
			productName = ARKitDemoUITests;
			productReference = FA0783571FC24C1000A5CF15 /* ARKitDemoUITests.xctest */;
			productType = "com.apple.product-type.bundle.ui-testing";
		};
/* End PBXNativeTarget section */

/* Begin PBXProject section */
		FA0783301FC24C1000A5CF15 /* Project object */ = {
			isa = PBXProject;
			attributes = {
				LastSwiftUpdateCheck = 0910;
				LastUpgradeCheck = 0910;
				ORGANIZATIONNAME = "Christopher Mayfield";
				TargetAttributes = {
					FA0783371FC24C1000A5CF15 = {
						CreatedOnToolsVersion = 9.1;
						ProvisioningStyle = Automatic;
					};
					FA07834B1FC24C1000A5CF15 = {
						CreatedOnToolsVersion = 9.1;
						ProvisioningStyle = Automatic;
						TestTargetID = FA0783371FC24C1000A5CF15;
					};
					FA0783561FC24C1000A5CF15 = {
						CreatedOnToolsVersion = 9.1;
						ProvisioningStyle = Automatic;
						TestTargetID = FA0783371FC24C1000A5CF15;
					};
				};
			};
			buildConfigurationList = FA0783331FC24C1000A5CF15 /* Build configuration list for PBXProject "ARKitDemo" */;
			compatibilityVersion = "Xcode 8.0";
			developmentRegion = en;
			hasScannedForEncodings = 0;
			knownRegions = (
				en,
				Base,
			);
			mainGroup = FA07832F1FC24C1000A5CF15;
			productRefGroup = FA0783391FC24C1000A5CF15 /* Products */;
			projectDirPath = "";
			projectRoot = "";
			targets = (
				FA0783371FC24C1000A5CF15 /* ARKitDemo */,
				FA07834B1FC24C1000A5CF15 /* ARKitDemoTests */,
				FA0783561FC24C1000A5CF15 /* ARKitDemoUITests */,
			);
		};
/* End PBXProject section */

/* Begin PBXResourcesBuildPhase section */
		FA0783361FC24C1000A5CF15 /* Resources */ = {
			isa = PBXResourcesBuildPhase;
			buildActionMask = 2147483647;
			files = (
				FA0783461FC24C1000A5CF15 /* LaunchScreen.storyboard in Resources */,
				FA0783431FC24C1000A5CF15 /* Assets.xcassets in Resources */,
				FA0783411FC24C1000A5CF15 /* Main.storyboard in Resources */,
			);
			runOnlyForDeploymentPostprocessing = 0;
		};
		FA07834A1FC24C1000A5CF15 /* Resources */ = {
			isa = PBXResourcesBuildPhase;
			buildActionMask = 2147483647;
			files = (
			);
			runOnlyForDeploymentPostprocessing = 0;
		};
		FA0783551FC24C1000A5CF15 /* Resources */ = {
			isa = PBXResourcesBuildPhase;
			buildActionMask = 2147483647;
			files = (
			);
			runOnlyForDeploymentPostprocessing = 0;
		};
/* End PBXResourcesBuildPhase section */

/* Begin PBXSourcesBuildPhase section */
		FA0783341FC24C1000A5CF15 /* Sources */ = {
			isa = PBXSourcesBuildPhase;
			buildActionMask = 2147483647;
			files = (
				FA07833E1FC24C1000A5CF15 /* ViewController.swift in Sources */,
				FA07833C1FC24C1000A5CF15 /* AppDelegate.swift in Sources */,
			);
			runOnlyForDeploymentPostprocessing = 0;
		};
		FA0783481FC24C1000A5CF15 /* Sources */ = {
			isa = PBXSourcesBuildPhase;
			buildActionMask = 2147483647;
			files = (
				FA0783511FC24C1000A5CF15 /* ARKitDemoTests.swift in Sources */,
			);
			runOnlyForDeploymentPostprocessing = 0;
		};
		FA0783531FC24C1000A5CF15 /* Sources */ = {
			isa = PBXSourcesBuildPhase;
			buildActionMask = 2147483647;
			files = (
				FA07835C1FC24C1000A5CF15 /* ARKitDemoUITests.swift in Sources */,
			);
			runOnlyForDeploymentPostprocessing = 0;
		};
/* End PBXSourcesBuildPhase section */

/* Begin PBXTargetDependency section */
		FA07834E1FC24C1000A5CF15 /* PBXTargetDependency */ = {
			isa = PBXTargetDependency;
			target = FA0783371FC24C1000A5CF15 /* ARKitDemo */;
			targetProxy = FA07834D1FC24C1000A5CF15 /* PBXContainerItemProxy */;
		};
		FA0783591FC24C1000A5CF15 /* PBXTargetDependency */ = {
			isa = PBXTargetDependency;
			target = FA0783371FC24C1000A5CF15 /* ARKitDemo */;
			targetProxy = FA0783581FC24C1000A5CF15 /* PBXContainerItemProxy */;
		};
/* End PBXTargetDependency section */

/* Begin PBXVariantGroup section */
		FA07833F1FC24C1000A5CF15 /* Main.storyboard */ = {
			isa = PBXVariantGroup;
			children = (
				FA0783401FC24C1000A5CF15 /* Base */,
			);
			name = Main.storyboard;
			sourceTree = "<group>";
		};
		FA0783441FC24C1000A5CF15 /* LaunchScreen.storyboard */ = {
			isa = PBXVariantGroup;
			children = (
				FA0783451FC24C1000A5CF15 /* Base */,
			);
			name = LaunchScreen.storyboard;
			sourceTree = "<group>";
		};
/* End PBXVariantGroup section */

/* Begin XCBuildConfiguration section */
		FA07835E1FC24C1000A5CF15 /* Debug */ = {
			isa = XCBuildConfiguration;
			buildSettings = {
				ALWAYS_SEARCH_USER_PATHS = NO;
				CLANG_ANALYZER_NONNULL = YES;
				CLANG_ANALYZER_NUMBER_OBJECT_CONVERSION = YES_AGGRESSIVE;
				CLANG_CXX_LANGUAGE_STANDARD = "gnu++14";
				CLANG_CXX_LIBRARY = "libc++";
				CLANG_ENABLE_MODULES = YES;
				CLANG_ENABLE_OBJC_ARC = YES;
				CLANG_WARN_BLOCK_CAPTURE_AUTORELEASING = YES;
				CLANG_WARN_BOOL_CONVERSION = YES;
				CLANG_WARN_COMMA = YES;
				CLANG_WARN_CONSTANT_CONVERSION = YES;
				CLANG_WARN_DIRECT_OBJC_ISA_USAGE = YES_ERROR;
				CLANG_WARN_DOCUMENTATION_COMMENTS = YES;
				CLANG_WARN_EMPTY_BODY = YES;
				CLANG_WARN_ENUM_CONVERSION = YES;
				CLANG_WARN_INFINITE_RECURSION = YES;
				CLANG_WARN_INT_CONVERSION = YES;
				CLANG_WARN_NON_LITERAL_NULL_CONVERSION = YES;
				CLANG_WARN_OBJC_LITERAL_CONVERSION = YES;
				CLANG_WARN_OBJC_ROOT_CLASS = YES_ERROR;
				CLANG_WARN_RANGE_LOOP_ANALYSIS = YES;
				CLANG_WARN_STRICT_PROTOTYPES = YES;
				CLANG_WARN_SUSPICIOUS_MOVE = YES;
				CLANG_WARN_UNGUARDED_AVAILABILITY = YES_AGGRESSIVE;
				CLANG_WARN_UNREACHABLE_CODE = YES;
				CLANG_WARN__DUPLICATE_METHOD_MATCH = YES;
				CODE_SIGN_IDENTITY = "iPhone Developer";
				COPY_PHASE_STRIP = NO;
				DEBUG_INFORMATION_FORMAT = dwarf;
				ENABLE_STRICT_OBJC_MSGSEND = YES;
				ENABLE_TESTABILITY = YES;
				GCC_C_LANGUAGE_STANDARD = gnu11;
				GCC_DYNAMIC_NO_PIC = NO;
				GCC_NO_COMMON_BLOCKS = YES;
				GCC_OPTIMIZATION_LEVEL = 0;
				GCC_PREPROCESSOR_DEFINITIONS = (
					"DEBUG=1",
					"$(inherited)",
				);
				GCC_WARN_64_TO_32_BIT_CONVERSION = YES;
				GCC_WARN_ABOUT_RETURN_TYPE = YES_ERROR;
				GCC_WARN_UNDECLARED_SELECTOR = YES;
				GCC_WARN_UNINITIALIZED_AUTOS = YES_AGGRESSIVE;
				GCC_WARN_UNUSED_FUNCTION = YES;
				GCC_WARN_UNUSED_VARIABLE = YES;
				IPHONEOS_DEPLOYMENT_TARGET = 11.1;
				MTL_ENABLE_DEBUG_INFO = YES;
				ONLY_ACTIVE_ARCH = YES;
				SDKROOT = iphoneos;
				SWIFT_ACTIVE_COMPILATION_CONDITIONS = DEBUG;
				SWIFT_OPTIMIZATION_LEVEL = "-Onone";
			};
			name = Debug;
		};
		FA07835F1FC24C1000A5CF15 /* Release */ = {
			isa = XCBuildConfiguration;
			buildSettings = {
				ALWAYS_SEARCH_USER_PATHS = NO;
				CLANG_ANALYZER_NONNULL = YES;
				CLANG_ANALYZER_NUMBER_OBJECT_CONVERSION = YES_AGGRESSIVE;
				CLANG_CXX_LANGUAGE_STANDARD = "gnu++14";
				CLANG_CXX_LIBRARY = "libc++";
				CLANG_ENABLE_MODULES = YES;
				CLANG_ENABLE_OBJC_ARC = YES;
				CLANG_WARN_BLOCK_CAPTURE_AUTORELEASING = YES;
				CLANG_WARN_BOOL_CONVERSION = YES;
				CLANG_WARN_COMMA = YES;
				CLANG_WARN_CONSTANT_CONVERSION = YES;
				CLANG_WARN_DIRECT_OBJC_ISA_USAGE = YES_ERROR;
				CLANG_WARN_DOCUMENTATION_COMMENTS = YES;
				CLANG_WARN_EMPTY_BODY = YES;
				CLANG_WARN_ENUM_CONVERSION = YES;
				CLANG_WARN_INFINITE_RECURSION = YES;
				CLANG_WARN_INT_CONVERSION = YES;
				CLANG_WARN_NON_LITERAL_NULL_CONVERSION = YES;
				CLANG_WARN_OBJC_LITERAL_CONVERSION = YES;
				CLANG_WARN_OBJC_ROOT_CLASS = YES_ERROR;
				CLANG_WARN_RANGE_LOOP_ANALYSIS = YES;
				CLANG_WARN_STRICT_PROTOTYPES = YES;
				CLANG_WARN_SUSPICIOUS_MOVE = YES;
				CLANG_WARN_UNGUARDED_AVAILABILITY = YES_AGGRESSIVE;
				CLANG_WARN_UNREACHABLE_CODE = YES;
				CLANG_WARN__DUPLICATE_METHOD_MATCH = YES;
				CODE_SIGN_IDENTITY = "iPhone Developer";
				COPY_PHASE_STRIP = NO;
				DEBUG_INFORMATION_FORMAT = "dwarf-with-dsym";
				ENABLE_NS_ASSERTIONS = NO;
				ENABLE_STRICT_OBJC_MSGSEND = YES;
				GCC_C_LANGUAGE_STANDARD = gnu11;
				GCC_NO_COMMON_BLOCKS = YES;
				GCC_WARN_64_TO_32_BIT_CONVERSION = YES;
				GCC_WARN_ABOUT_RETURN_TYPE = YES_ERROR;
				GCC_WARN_UNDECLARED_SELECTOR = YES;
				GCC_WARN_UNINITIALIZED_AUTOS = YES_AGGRESSIVE;
				GCC_WARN_UNUSED_FUNCTION = YES;
				GCC_WARN_UNUSED_VARIABLE = YES;
				IPHONEOS_DEPLOYMENT_TARGET = 11.1;
				MTL_ENABLE_DEBUG_INFO = NO;
				SDKROOT = iphoneos;
				SWIFT_OPTIMIZATION_LEVEL = "-Owholemodule";
				VALIDATE_PRODUCT = YES;
			};
			name = Release;
		};
		FA0783611FC24C1000A5CF15 /* Debug */ = {
			isa = XCBuildConfiguration;
			buildSettings = {
				ASSETCATALOG_COMPILER_APPICON_NAME = AppIcon;
				CODE_SIGN_STYLE = Automatic;
				DEVELOPMENT_TEAM = R57A9X86KN;
				INFOPLIST_FILE = ARKitDemo/Info.plist;
				LD_RUNPATH_SEARCH_PATHS = "$(inherited) @executable_path/Frameworks";
				PRODUCT_BUNDLE_IDENTIFIER = mayfield.ARKitDemo;
				PRODUCT_NAME = "$(TARGET_NAME)";
				SWIFT_VERSION = 4.0;
				TARGETED_DEVICE_FAMILY = "1,2";
			};
			name = Debug;
		};
		FA0783621FC24C1000A5CF15 /* Release */ = {
			isa = XCBuildConfiguration;
			buildSettings = {
				ASSETCATALOG_COMPILER_APPICON_NAME = AppIcon;
				CODE_SIGN_STYLE = Automatic;
				DEVELOPMENT_TEAM = R57A9X86KN;
				INFOPLIST_FILE = ARKitDemo/Info.plist;
				LD_RUNPATH_SEARCH_PATHS = "$(inherited) @executable_path/Frameworks";
				PRODUCT_BUNDLE_IDENTIFIER = mayfield.ARKitDemo;
				PRODUCT_NAME = "$(TARGET_NAME)";
				SWIFT_VERSION = 4.0;
				TARGETED_DEVICE_FAMILY = "1,2";
			};
			name = Release;
		};
		FA0783641FC24C1000A5CF15 /* Debug */ = {
			isa = XCBuildConfiguration;
			buildSettings = {
				ALWAYS_EMBED_SWIFT_STANDARD_LIBRARIES = YES;
				BUNDLE_LOADER = "$(TEST_HOST)";
				CODE_SIGN_STYLE = Automatic;
				INFOPLIST_FILE = ARKitDemoTests/Info.plist;
				LD_RUNPATH_SEARCH_PATHS = "$(inherited) @executable_path/Frameworks @loader_path/Frameworks";
				PRODUCT_BUNDLE_IDENTIFIER = mayfield.ARKitDemoTests;
				PRODUCT_NAME = "$(TARGET_NAME)";
				SWIFT_VERSION = 4.0;
				TARGETED_DEVICE_FAMILY = "1,2";
				TEST_HOST = "$(BUILT_PRODUCTS_DIR)/ARKitDemo.app/ARKitDemo";
			};
			name = Debug;
		};
		FA0783651FC24C1000A5CF15 /* Release */ = {
			isa = XCBuildConfiguration;
			buildSettings = {
				ALWAYS_EMBED_SWIFT_STANDARD_LIBRARIES = YES;
				BUNDLE_LOADER = "$(TEST_HOST)";
				CODE_SIGN_STYLE = Automatic;
				INFOPLIST_FILE = ARKitDemoTests/Info.plist;
				LD_RUNPATH_SEARCH_PATHS = "$(inherited) @executable_path/Frameworks @loader_path/Frameworks";
				PRODUCT_BUNDLE_IDENTIFIER = mayfield.ARKitDemoTests;
				PRODUCT_NAME = "$(TARGET_NAME)";
				SWIFT_VERSION = 4.0;
				TARGETED_DEVICE_FAMILY = "1,2";
				TEST_HOST = "$(BUILT_PRODUCTS_DIR)/ARKitDemo.app/ARKitDemo";
			};
			name = Release;
		};
		FA0783671FC24C1000A5CF15 /* Debug */ = {
			isa = XCBuildConfiguration;
			buildSettings = {
				ALWAYS_EMBED_SWIFT_STANDARD_LIBRARIES = YES;
				CODE_SIGN_STYLE = Automatic;
				INFOPLIST_FILE = ARKitDemoUITests/Info.plist;
				LD_RUNPATH_SEARCH_PATHS = "$(inherited) @executable_path/Frameworks @loader_path/Frameworks";
				PRODUCT_BUNDLE_IDENTIFIER = mayfield.ARKitDemoUITests;
				PRODUCT_NAME = "$(TARGET_NAME)";
				SWIFT_VERSION = 4.0;
				TARGETED_DEVICE_FAMILY = "1,2";
				TEST_TARGET_NAME = ARKitDemo;
			};
			name = Debug;
		};
		FA0783681FC24C1000A5CF15 /* Release */ = {
			isa = XCBuildConfiguration;
			buildSettings = {
				ALWAYS_EMBED_SWIFT_STANDARD_LIBRARIES = YES;
				CODE_SIGN_STYLE = Automatic;
				INFOPLIST_FILE = ARKitDemoUITests/Info.plist;
				LD_RUNPATH_SEARCH_PATHS = "$(inherited) @executable_path/Frameworks @loader_path/Frameworks";
				PRODUCT_BUNDLE_IDENTIFIER = mayfield.ARKitDemoUITests;
				PRODUCT_NAME = "$(TARGET_NAME)";
				SWIFT_VERSION = 4.0;
				TARGETED_DEVICE_FAMILY = "1,2";
				TEST_TARGET_NAME = ARKitDemo;
			};
			name = Release;
		};
/* End XCBuildConfiguration section */

/* Begin XCConfigurationList section */
		FA0783331FC24C1000A5CF15 /* Build configuration list for PBXProject "ARKitDemo" */ = {
			isa = XCConfigurationList;
			buildConfigurations = (
				FA07835E1FC24C1000A5CF15 /* Debug */,
				FA07835F1FC24C1000A5CF15 /* Release */,
			);
			defaultConfigurationIsVisible = 0;
			defaultConfigurationName = Release;
		};
		FA0783601FC24C1000A5CF15 /* Build configuration list for PBXNativeTarget "ARKitDemo" */ = {
			isa = XCConfigurationList;
			buildConfigurations = (
				FA0783611FC24C1000A5CF15 /* Debug */,
				FA0783621FC24C1000A5CF15 /* Release */,
			);
			defaultConfigurationIsVisible = 0;
			defaultConfigurationName = Release;
		};
		FA0783631FC24C1000A5CF15 /* Build configuration list for PBXNativeTarget "ARKitDemoTests" */ = {
			isa = XCConfigurationList;
			buildConfigurations = (
				FA0783641FC24C1000A5CF15 /* Debug */,
				FA0783651FC24C1000A5CF15 /* Release */,
			);
			defaultConfigurationIsVisible = 0;
			defaultConfigurationName = Release;
		};
		FA0783661FC24C1000A5CF15 /* Build configuration list for PBXNativeTarget "ARKitDemoUITests" */ = {
			isa = XCConfigurationList;
			buildConfigurations = (
				FA0783671FC24C1000A5CF15 /* Debug */,
				FA0783681FC24C1000A5CF15 /* Release */,
			);
			defaultConfigurationIsVisible = 0;
			defaultConfigurationName = Release;
		};
/* End XCConfigurationList section */
	};
	rootObject = FA0783301FC24C1000A5CF15 /* Project object */;
}
